<?xml version="1.0" encoding="utf-8"?>
<Project ToolsVersion="4.0" xmlns="http://schemas.microsoft.com/developer/msbuild/2003">
  <ItemGroup>
    <Filter Include="Source Files">
      <UniqueIdentifier>{4FC737F1-C7A5-4376-A066-2A32D752A2FF}</UniqueIdentifier>
      <Extensions>cpp;c;cc;cxx;def;odl;idl;hpj;bat;asm;asmx</Extensions>
    </Filter>
    <Filter Include="Header Files">
      <UniqueIdentifier>{93995380-89BD-4b04-88EB-625FBE52EBFB}</UniqueIdentifier>
      <Extensions>h;hpp;hxx;hm;inl;inc;xsd</Extensions>
    </Filter>
    <Filter Include="Resource Files">
      <UniqueIdentifier>{67DA6AB6-F800-4c08-8B7A-83BB121AAD01}</UniqueIdentifier>
      <Extensions>rc;ico;cur;bmp;dlg;rc2;rct;bin;rgs;gif;jpg;jpeg;jpe;resx;tiff;tif;png;wav;mfcribbon-ms</Extensions>
    </Filter>
  </ItemGroup>
  <ItemGroup>
    <ClCompile Include="skeleton.cpp">
      <Filter>Source Files</Filter>
    </ClCompile>
    <ClCompile Include="Map.cpp">
      <Filter>Source Files</Filter>
    </ClCompile>
    <ClCompile Include="Tile.cpp">
      <Filter>Source Files</Filter>
    </ClCompile>
    <ClCompile Include="SceneDriver.cpp">
      <Filter>Source Files</Filter>
    </ClCompile>
    <ClCompile Include="Rubble.cpp">
      <Filter>Source Files</Filter>
    </ClCompile>
    <ClCompile Include="Controller.cpp">
      <Filter>Source Files</Filter>
    </ClCompile>
    <ClCompile Include="Block.cpp">
      <Filter>Source Files</Filter>
    </ClCompile>
    <ClCompile Include="Bipod.cpp">
      <Filter>Source Files</Filter>
    </ClCompile>
    <ClCompile Include="Tracks.cpp">
      <Filter>Source Files</Filter>
    </ClCompile>
    <ClCompile Include="Grav.cpp">
      <Filter>Source Files</Filter>
    </ClCompile>
    <ClCompile Include="eBrain.cpp">
      <Filter>Source Files</Filter>
    </ClCompile>
    <ClCompile Include="Cannon.cpp">
      <Filter>Source Files</Filter>
    </ClCompile>
    <ClCompile Include="Phaser.cpp">
      <Filter>Source Files</Filter>
    </ClCompile>
    <ClCompile Include="Missiles.cpp">
      <Filter>Source Files</Filter>
    </ClCompile>
    <ClCompile Include="Nuke.cpp">
      <Filter>Source Files</Filter>
    </ClCompile>
    <ClCompile Include="lightPostConstruct.cpp">
      <Filter>Source Files</Filter>
    </ClCompile>
    <ClCompile Include="ImageLoader.cpp">
      <Filter>Source Files</Filter>
    </ClCompile>
  </ItemGroup>
  <ItemGroup>
    <ClInclude Include="Tile.h">
      <Filter>Header Files</Filter>
    </ClInclude>
    <ClInclude Include="Map.h">
      <Filter>Header Files</Filter>
    </ClInclude>
    <ClInclude Include="Rubble.h">
      <Filter>Header Files</Filter>
    </ClInclude>
    <ClInclude Include="Controller.h">
      <Filter>Header Files</Filter>
    </ClInclude>
    <ClInclude Include="Block.h">
      <Filter>Header Files</Filter>
    </ClInclude>
    <ClInclude Include="Bipod.h">
      <Filter>Header Files</Filter>
    </ClInclude>
    <ClInclude Include="Tracks.h">
      <Filter>Header Files</Filter>
    </ClInclude>
    <ClInclude Include="Grav.h">
      <Filter>Header Files</Filter>
    </ClInclude>
    <ClInclude Include="eBrain.h">
      <Filter>Header Files</Filter>
    </ClInclude>
    <ClInclude Include="Cannon.h">
      <Filter>Header Files</Filter>
    </ClInclude>
    <ClInclude Include="Missiles.h">
      <Filter>Header Files</Filter>
    </ClInclude>
    <ClInclude Include="Nuke.h">
      <Filter>Header Files</Filter>
    </ClInclude>
    <ClInclude Include="Phaser.h">
      <Filter>Header Files</Filter>
    </ClInclude>
    <ClInclude Include="Enumerations.h">
      <Filter>Header Files</Filter>
    </ClInclude>
    <ClInclude Include="lightPostConstruct.h">
      <Filter>Header Files</Filter>
    </ClInclude>
    <ClInclude Include="ImageLoader.h">
      <Filter>Header Files</Filter>
    </ClInclude>
  </ItemGroup>
  <ItemGroup>
    <None Include="wood.bmp">
      <Filter>Resource Files</Filter>
    </None>
    <None Include="stone.bmp">
      <Filter>Resource Files</Filter>
    </None>
    <None Include="mud.bmp">
      <Filter>Resource Files</Filter>
    </None>
    <None Include="ice.bmp">
      <Filter>Resource Files</Filter>
    </None>
    <None Include="gold.bmp">
      <Filter>Resource Files</Filter>
    </None>
    <None Include="hole2.bmp">
      <Filter>Resource Files</Filter>
    </None>
  </ItemGroup>
</Project>